// !$*UTF8*$!
{
	archiveVersion = 1;
	classes = {
	};
	objectVersion = 55;
	objects = {

/* Begin PBXBuildFile section */
		06ECB48727188F5000C83BFF /* NewsAppApp.swift in Sources */ = {isa = PBXBuildFile; fileRef = 06ECB48627188F5000C83BFF /* NewsAppApp.swift */; };
		06ECB48927188F5000C83BFF /* ContentView.swift in Sources */ = {isa = PBXBuildFile; fileRef = 06ECB48827188F5000C83BFF /* ContentView.swift */; };
		06ECB48B27188F5300C83BFF /* Assets.xcassets in Resources */ = {isa = PBXBuildFile; fileRef = 06ECB48A27188F5300C83BFF /* Assets.xcassets */; };
		06ECB48E27188F5300C83BFF /* Preview Assets.xcassets in Resources */ = {isa = PBXBuildFile; fileRef = 06ECB48D27188F5300C83BFF /* Preview Assets.xcassets */; };
		06ECB49627188FCE00C83BFF /* NewsKit in Frameworks */ = {isa = PBXBuildFile; productRef = 06ECB49527188FCE00C83BFF /* NewsKit */; };
		06ECB49C2718901E00C83BFF /* NewsView.swift in Sources */ = {isa = PBXBuildFile; fileRef = 06ECB49B2718901E00C83BFF /* NewsView.swift */; };
		06ECB4A02718906600C83BFF /* NewsPresenter.swift in Sources */ = {isa = PBXBuildFile; fileRef = 06ECB49F2718906600C83BFF /* NewsPresenter.swift */; };
		06ECB4A52718918000C83BFF /* NewsInteractor.swift in Sources */ = {isa = PBXBuildFile; fileRef = 06ECB4A42718918000C83BFF /* NewsInteractor.swift */; };
		06ECB4A82718968600C83BFF /* Injection.swift in Sources */ = {isa = PBXBuildFile; fileRef = 06ECB4A72718968600C83BFF /* Injection.swift */; };
		06ECB4AA2718991100C83BFF /* NewsRowView.swift in Sources */ = {isa = PBXBuildFile; fileRef = 06ECB4A92718991100C83BFF /* NewsRowView.swift */; };
		06ECB4AD27189E8C00C83BFF /* SafariView.swift in Sources */ = {isa = PBXBuildFile; fileRef = 06ECB4AC27189E8C00C83BFF /* SafariView.swift */; };
		06ECB4B02718AC2700C83BFF /* RemoteDataSource.swift in Sources */ = {isa = PBXBuildFile; fileRef = 06ECB4AF2718AC2700C83BFF /* RemoteDataSource.swift */; };
		06ECB4B22718B63100C83BFF /* NewsTopHeadlineView.swift in Sources */ = {isa = PBXBuildFile; fileRef = 06ECB4B12718B63100C83BFF /* NewsTopHeadlineView.swift */; };
/* End PBXBuildFile section */

/* Begin PBXFileReference section */
		06ECB48327188F5000C83BFF /* NewsApp.app */ = {isa = PBXFileReference; explicitFileType = wrapper.application; includeInIndex = 0; path = NewsApp.app; sourceTree = BUILT_PRODUCTS_DIR; };
		06ECB48627188F5000C83BFF /* NewsAppApp.swift */ = {isa = PBXFileReference; lastKnownFileType = sourcecode.swift; path = NewsAppApp.swift; sourceTree = "<group>"; };
		06ECB48827188F5000C83BFF /* ContentView.swift */ = {isa = PBXFileReference; lastKnownFileType = sourcecode.swift; path = ContentView.swift; sourceTree = "<group>"; };
		06ECB48A27188F5300C83BFF /* Assets.xcassets */ = {isa = PBXFileReference; lastKnownFileType = folder.assetcatalog; path = Assets.xcassets; sourceTree = "<group>"; };
		06ECB48D27188F5300C83BFF /* Preview Assets.xcassets */ = {isa = PBXFileReference; lastKnownFileType = folder.assetcatalog; path = "Preview Assets.xcassets"; sourceTree = "<group>"; };
		06ECB49B2718901E00C83BFF /* NewsView.swift */ = {isa = PBXFileReference; lastKnownFileType = sourcecode.swift; path = NewsView.swift; sourceTree = "<group>"; };
		06ECB49F2718906600C83BFF /* NewsPresenter.swift */ = {isa = PBXFileReference; lastKnownFileType = sourcecode.swift; path = NewsPresenter.swift; sourceTree = "<group>"; };
		06ECB4A42718918000C83BFF /* NewsInteractor.swift */ = {isa = PBXFileReference; lastKnownFileType = sourcecode.swift; path = NewsInteractor.swift; sourceTree = "<group>"; };
		06ECB4A72718968600C83BFF /* Injection.swift */ = {isa = PBXFileReference; lastKnownFileType = sourcecode.swift; path = Injection.swift; sourceTree = "<group>"; };
		06ECB4A92718991100C83BFF /* NewsRowView.swift */ = {isa = PBXFileReference; lastKnownFileType = sourcecode.swift; path = NewsRowView.swift; sourceTree = "<group>"; };
		06ECB4AC27189E8C00C83BFF /* SafariView.swift */ = {isa = PBXFileReference; lastKnownFileType = sourcecode.swift; path = SafariView.swift; sourceTree = "<group>"; };
		06ECB4AF2718AC2700C83BFF /* RemoteDataSource.swift */ = {isa = PBXFileReference; lastKnownFileType = sourcecode.swift; path = RemoteDataSource.swift; sourceTree = "<group>"; };
		06ECB4B12718B63100C83BFF /* NewsTopHeadlineView.swift */ = {isa = PBXFileReference; lastKnownFileType = sourcecode.swift; path = NewsTopHeadlineView.swift; sourceTree = "<group>"; };
/* End PBXFileReference section */

/* Begin PBXFrameworksBuildPhase section */
		06ECB48027188F5000C83BFF /* Frameworks */ = {
			isa = PBXFrameworksBuildPhase;
			buildActionMask = 2147483647;
			files = (
				06ECB49627188FCE00C83BFF /* NewsKit in Frameworks */,
			);
			runOnlyForDeploymentPostprocessing = 0;
		};
/* End PBXFrameworksBuildPhase section */

/* Begin PBXGroup section */
		06ECB47A27188F5000C83BFF = {
			isa = PBXGroup;
			children = (
				06ECB48527188F5000C83BFF /* NewsApp */,
				06ECB48427188F5000C83BFF /* Products */,
			);
			sourceTree = "<group>";
		};
		06ECB48427188F5000C83BFF /* Products */ = {
			isa = PBXGroup;
			children = (
				06ECB48327188F5000C83BFF /* NewsApp.app */,
			);
			name = Products;
			sourceTree = "<group>";
		};
		06ECB48527188F5000C83BFF /* NewsApp */ = {
			isa = PBXGroup;
			children = (
				06ECB4A12718916600C83BFF /* Core */,
				06ECB49827188FE900C83BFF /* App */,
				06ECB49727188FE100C83BFF /* Module */,
				06ECB49927188FF700C83BFF /* Supporting Files */,
				06ECB48C27188F5300C83BFF /* Preview Content */,
			);
			path = NewsApp;
			sourceTree = "<group>";
		};
		06ECB48C27188F5300C83BFF /* Preview Content */ = {
			isa = PBXGroup;
			children = (
				06ECB48D27188F5300C83BFF /* Preview Assets.xcassets */,
			);
			path = "Preview Content";
			sourceTree = "<group>";
		};
		06ECB49727188FE100C83BFF /* Module */ = {
			isa = PBXGroup;
			children = (
				06ECB4AB27189E7000C83BFF /* SafariView */,
				06ECB49A2718901300C83BFF /* News */,
			);
			path = Module;
			sourceTree = "<group>";
		};
		06ECB49827188FE900C83BFF /* App */ = {
			isa = PBXGroup;
			children = (
				06ECB48627188F5000C83BFF /* NewsAppApp.swift */,
				06ECB48827188F5000C83BFF /* ContentView.swift */,
			);
			path = App;
			sourceTree = "<group>";
		};
		06ECB49927188FF700C83BFF /* Supporting Files */ = {
			isa = PBXGroup;
			children = (
				06ECB48A27188F5300C83BFF /* Assets.xcassets */,
			);
			path = "Supporting Files";
			sourceTree = "<group>";
		};
		06ECB49A2718901300C83BFF /* News */ = {
			isa = PBXGroup;
			children = (
				06ECB49D2718902800C83BFF /* Presenter */,
				06ECB49E2718903000C83BFF /* View */,
			);
			path = News;
			sourceTree = "<group>";
		};
		06ECB49D2718902800C83BFF /* Presenter */ = {
			isa = PBXGroup;
			children = (
				06ECB49F2718906600C83BFF /* NewsPresenter.swift */,
			);
			path = Presenter;
			sourceTree = "<group>";
		};
		06ECB49E2718903000C83BFF /* View */ = {
			isa = PBXGroup;
			children = (
				06ECB49B2718901E00C83BFF /* NewsView.swift */,
				06ECB4A92718991100C83BFF /* NewsRowView.swift */,
				06ECB4B12718B63100C83BFF /* NewsTopHeadlineView.swift */,
			);
			path = View;
			sourceTree = "<group>";
		};
		06ECB4A12718916600C83BFF /* Core */ = {
			isa = PBXGroup;
			children = (
				06ECB4AE2718AC1B00C83BFF /* Remote */,
				06ECB4A62718967D00C83BFF /* DI */,
				06ECB4A22718916C00C83BFF /* Domain */,
			);
			path = Core;
			sourceTree = "<group>";
		};
		06ECB4A22718916C00C83BFF /* Domain */ = {
			isa = PBXGroup;
			children = (
				06ECB4A32718917300C83BFF /* Interactor */,
			);
			path = Domain;
			sourceTree = "<group>";
		};
		06ECB4A32718917300C83BFF /* Interactor */ = {
			isa = PBXGroup;
			children = (
				06ECB4A42718918000C83BFF /* NewsInteractor.swift */,
			);
			path = Interactor;
			sourceTree = "<group>";
		};
		06ECB4A62718967D00C83BFF /* DI */ = {
			isa = PBXGroup;
			children = (
				06ECB4A72718968600C83BFF /* Injection.swift */,
			);
			path = DI;
			sourceTree = "<group>";
		};
		06ECB4AB27189E7000C83BFF /* SafariView */ = {
			isa = PBXGroup;
			children = (
				06ECB4AC27189E8C00C83BFF /* SafariView.swift */,
			);
			path = SafariView;
			sourceTree = "<group>";
		};
		06ECB4AE2718AC1B00C83BFF /* Remote */ = {
			isa = PBXGroup;
			children = (
				06ECB4AF2718AC2700C83BFF /* RemoteDataSource.swift */,
			);
			path = Remote;
			sourceTree = "<group>";
		};
/* End PBXGroup section */

/* Begin PBXNativeTarget section */
		06ECB48227188F5000C83BFF /* NewsApp */ = {
			isa = PBXNativeTarget;
			buildConfigurationList = 06ECB49127188F5300C83BFF /* Build configuration list for PBXNativeTarget "NewsApp" */;
			buildPhases = (
				06ECB47F27188F5000C83BFF /* Sources */,
				06ECB48027188F5000C83BFF /* Frameworks */,
				06ECB48127188F5000C83BFF /* Resources */,
			);
			buildRules = (
			);
			dependencies = (
			);
			name = NewsApp;
			packageProductDependencies = (
				06ECB49527188FCE00C83BFF /* NewsKit */,
			);
			productName = NewsApp;
			productReference = 06ECB48327188F5000C83BFF /* NewsApp.app */;
			productType = "com.apple.product-type.application";
		};
/* End PBXNativeTarget section */

/* Begin PBXProject section */
		06ECB47B27188F5000C83BFF /* Project object */ = {
			isa = PBXProject;
			attributes = {
				BuildIndependentTargetsInParallel = 1;
				LastSwiftUpdateCheck = 1300;
				LastUpgradeCheck = 1300;
				TargetAttributes = {
					06ECB48227188F5000C83BFF = {
						CreatedOnToolsVersion = 13.0;
					};
				};
			};
			buildConfigurationList = 06ECB47E27188F5000C83BFF /* Build configuration list for PBXProject "NewsApp" */;
			compatibilityVersion = "Xcode 13.0";
			developmentRegion = en;
			hasScannedForEncodings = 0;
			knownRegions = (
				en,
				Base,
			);
			mainGroup = 06ECB47A27188F5000C83BFF;
			packageReferences = (
				06ECB49427188FCE00C83BFF /* XCRemoteSwiftPackageReference "NewsKit" */,
			);
			productRefGroup = 06ECB48427188F5000C83BFF /* Products */;
			projectDirPath = "";
			projectRoot = "";
			targets = (
				06ECB48227188F5000C83BFF /* NewsApp */,
			);
		};
/* End PBXProject section */

/* Begin PBXResourcesBuildPhase section */
		06ECB48127188F5000C83BFF /* Resources */ = {
			isa = PBXResourcesBuildPhase;
			buildActionMask = 2147483647;
			files = (
				06ECB48E27188F5300C83BFF /* Preview Assets.xcassets in Resources */,
				06ECB48B27188F5300C83BFF /* Assets.xcassets in Resources */,
			);
			runOnlyForDeploymentPostprocessing = 0;
		};
/* End PBXResourcesBuildPhase section */

/* Begin PBXSourcesBuildPhase section */
		06ECB47F27188F5000C83BFF /* Sources */ = {
			isa = PBXSourcesBuildPhase;
			buildActionMask = 2147483647;
			files = (
				06ECB49C2718901E00C83BFF /* NewsView.swift in Sources */,
				06ECB48927188F5000C83BFF /* ContentView.swift in Sources */,
				06ECB48727188F5000C83BFF /* NewsAppApp.swift in Sources */,
				06ECB4AA2718991100C83BFF /* NewsRowView.swift in Sources */,
				06ECB4B02718AC2700C83BFF /* RemoteDataSource.swift in Sources */,
				06ECB4B22718B63100C83BFF /* NewsTopHeadlineView.swift in Sources */,
				06ECB4AD27189E8C00C83BFF /* SafariView.swift in Sources */,
				06ECB4A82718968600C83BFF /* Injection.swift in Sources */,
				06ECB4A52718918000C83BFF /* NewsInteractor.swift in Sources */,
				06ECB4A02718906600C83BFF /* NewsPresenter.swift in Sources */,
			);
			runOnlyForDeploymentPostprocessing = 0;
		};
/* End PBXSourcesBuildPhase section */

/* Begin XCBuildConfiguration section */
		06ECB48F27188F5300C83BFF /* Debug */ = {
			isa = XCBuildConfiguration;
			buildSettings = {
				ALWAYS_SEARCH_USER_PATHS = NO;
				CLANG_ANALYZER_NONNULL = YES;
				CLANG_ANALYZER_NUMBER_OBJECT_CONVERSION = YES_AGGRESSIVE;
				CLANG_CXX_LANGUAGE_STANDARD = "gnu++17";
				CLANG_CXX_LIBRARY = "libc++";
				CLANG_ENABLE_MODULES = YES;
				CLANG_ENABLE_OBJC_ARC = YES;
				CLANG_ENABLE_OBJC_WEAK = YES;
				CLANG_WARN_BLOCK_CAPTURE_AUTORELEASING = YES;
				CLANG_WARN_BOOL_CONVERSION = YES;
				CLANG_WARN_COMMA = YES;
				CLANG_WARN_CONSTANT_CONVERSION = YES;
				CLANG_WARN_DEPRECATED_OBJC_IMPLEMENTATIONS = YES;
				CLANG_WARN_DIRECT_OBJC_ISA_USAGE = YES_ERROR;
				CLANG_WARN_DOCUMENTATION_COMMENTS = YES;
				CLANG_WARN_EMPTY_BODY = YES;
				CLANG_WARN_ENUM_CONVERSION = YES;
				CLANG_WARN_INFINITE_RECURSION = YES;
				CLANG_WARN_INT_CONVERSION = YES;
				CLANG_WARN_NON_LITERAL_NULL_CONVERSION = YES;
				CLANG_WARN_OBJC_IMPLICIT_RETAIN_SELF = YES;
				CLANG_WARN_OBJC_LITERAL_CONVERSION = YES;
				CLANG_WARN_OBJC_ROOT_CLASS = YES_ERROR;
				CLANG_WARN_QUOTED_INCLUDE_IN_FRAMEWORK_HEADER = YES;
				CLANG_WARN_RANGE_LOOP_ANALYSIS = YES;
				CLANG_WARN_STRICT_PROTOTYPES = YES;
				CLANG_WARN_SUSPICIOUS_MOVE = YES;
				CLANG_WARN_UNGUARDED_AVAILABILITY = YES_AGGRESSIVE;
				CLANG_WARN_UNREACHABLE_CODE = YES;
				CLANG_WARN__DUPLICATE_METHOD_MATCH = YES;
				COPY_PHASE_STRIP = NO;
				DEBUG_INFORMATION_FORMAT = dwarf;
				ENABLE_STRICT_OBJC_MSGSEND = YES;
				ENABLE_TESTABILITY = YES;
				GCC_C_LANGUAGE_STANDARD = gnu11;
				GCC_DYNAMIC_NO_PIC = NO;
				GCC_NO_COMMON_BLOCKS = YES;
				GCC_OPTIMIZATION_LEVEL = 0;
				GCC_PREPROCESSOR_DEFINITIONS = (
					"DEBUG=1",
					"$(inherited)",
				);
				GCC_WARN_64_TO_32_BIT_CONVERSION = YES;
				GCC_WARN_ABOUT_RETURN_TYPE = YES_ERROR;
				GCC_WARN_UNDECLARED_SELECTOR = YES;
				GCC_WARN_UNINITIALIZED_AUTOS = YES_AGGRESSIVE;
				GCC_WARN_UNUSED_FUNCTION = YES;
				GCC_WARN_UNUSED_VARIABLE = YES;
				IPHONEOS_DEPLOYMENT_TARGET = 15.0;
				MTL_ENABLE_DEBUG_INFO = INCLUDE_SOURCE;
				MTL_FAST_MATH = YES;
				ONLY_ACTIVE_ARCH = YES;
				SDKROOT = iphoneos;
				SWIFT_ACTIVE_COMPILATION_CONDITIONS = DEBUG;
				SWIFT_OPTIMIZATION_LEVEL = "-Onone";
			};
			name = Debug;
		};
		06ECB49027188F5300C83BFF /* Release */ = {
			isa = XCBuildConfiguration;
			buildSettings = {
				ALWAYS_SEARCH_USER_PATHS = NO;
				CLANG_ANALYZER_NONNULL = YES;
				CLANG_ANALYZER_NUMBER_OBJECT_CONVERSION = YES_AGGRESSIVE;
				CLANG_CXX_LANGUAGE_STANDARD = "gnu++17";
				CLANG_CXX_LIBRARY = "libc++";
				CLANG_ENABLE_MODULES = YES;
				CLANG_ENABLE_OBJC_ARC = YES;
				CLANG_ENABLE_OBJC_WEAK = YES;
				CLANG_WARN_BLOCK_CAPTURE_AUTORELEASING = YES;
				CLANG_WARN_BOOL_CONVERSION = YES;
				CLANG_WARN_COMMA = YES;
				CLANG_WARN_CONSTANT_CONVERSION = YES;
				CLANG_WARN_DEPRECATED_OBJC_IMPLEMENTATIONS = YES;
				CLANG_WARN_DIRECT_OBJC_ISA_USAGE = YES_ERROR;
				CLANG_WARN_DOCUMENTATION_COMMENTS = YES;
				CLANG_WARN_EMPTY_BODY = YES;
				CLANG_WARN_ENUM_CONVERSION = YES;
				CLANG_WARN_INFINITE_RECURSION = YES;
				CLANG_WARN_INT_CONVERSION = YES;
				CLANG_WARN_NON_LITERAL_NULL_CONVERSION = YES;
				CLANG_WARN_OBJC_IMPLICIT_RETAIN_SELF = YES;
				CLANG_WARN_OBJC_LITERAL_CONVERSION = YES;
				CLANG_WARN_OBJC_ROOT_CLASS = YES_ERROR;
				CLANG_WARN_QUOTED_INCLUDE_IN_FRAMEWORK_HEADER = YES;
				CLANG_WARN_RANGE_LOOP_ANALYSIS = YES;
				CLANG_WARN_STRICT_PROTOTYPES = YES;
				CLANG_WARN_SUSPICIOUS_MOVE = YES;
				CLANG_WARN_UNGUARDED_AVAILABILITY = YES_AGGRESSIVE;
				CLANG_WARN_UNREACHABLE_CODE = YES;
				CLANG_WARN__DUPLICATE_METHOD_MATCH = YES;
				COPY_PHASE_STRIP = NO;
				DEBUG_INFORMATION_FORMAT = "dwarf-with-dsym";
				ENABLE_NS_ASSERTIONS = NO;
				ENABLE_STRICT_OBJC_MSGSEND = YES;
				GCC_C_LANGUAGE_STANDARD = gnu11;
				GCC_NO_COMMON_BLOCKS = YES;
				GCC_WARN_64_TO_32_BIT_CONVERSION = YES;
				GCC_WARN_ABOUT_RETURN_TYPE = YES_ERROR;
				GCC_WARN_UNDECLARED_SELECTOR = YES;
				GCC_WARN_UNINITIALIZED_AUTOS = YES_AGGRESSIVE;
				GCC_WARN_UNUSED_FUNCTION = YES;
				GCC_WARN_UNUSED_VARIABLE = YES;
				IPHONEOS_DEPLOYMENT_TARGET = 15.0;
				MTL_ENABLE_DEBUG_INFO = NO;
				MTL_FAST_MATH = YES;
				SDKROOT = iphoneos;
				SWIFT_COMPILATION_MODE = wholemodule;
				SWIFT_OPTIMIZATION_LEVEL = "-O";
				VALIDATE_PRODUCT = YES;
			};
			name = Release;
		};
		06ECB49227188F5300C83BFF /* Debug */ = {
			isa = XCBuildConfiguration;
			buildSettings = {
				ASSETCATALOG_COMPILER_APPICON_NAME = AppIcon;
				ASSETCATALOG_COMPILER_GLOBAL_ACCENT_COLOR_NAME = AccentColor;
				CODE_SIGN_STYLE = Automatic;
				CURRENT_PROJECT_VERSION = 1;
				DEVELOPMENT_ASSET_PATHS = "\"NewsApp/Preview Content\"";
				DEVELOPMENT_TEAM = 5P7378L7B8;
				ENABLE_PREVIEWS = YES;
				GENERATE_INFOPLIST_FILE = YES;
				INFOPLIST_KEY_UIApplicationSceneManifest_Generation = YES;
				INFOPLIST_KEY_UIApplicationSupportsIndirectInputEvents = YES;
				INFOPLIST_KEY_UILaunchScreen_Generation = YES;
				INFOPLIST_KEY_UISupportedInterfaceOrientations_iPad = "UIInterfaceOrientationPortrait UIInterfaceOrientationPortraitUpsideDown UIInterfaceOrientationLandscapeLeft UIInterfaceOrientationLandscapeRight";
				INFOPLIST_KEY_UISupportedInterfaceOrientations_iPhone = "UIInterfaceOrientationPortrait UIInterfaceOrientationLandscapeLeft UIInterfaceOrientationLandscapeRight";
				IPHONEOS_DEPLOYMENT_TARGET = 15.0;
				LD_RUNPATH_SEARCH_PATHS = (
					"$(inherited)",
					"@executable_path/Frameworks",
				);
				MARKETING_VERSION = 1.0;
				PRODUCT_BUNDLE_IDENTIFIER = com.arisupriatna.NewsApp;
				PRODUCT_NAME = "$(TARGET_NAME)";
				SWIFT_EMIT_LOC_STRINGS = YES;
				SWIFT_VERSION = 5.0;
				TARGETED_DEVICE_FAMILY = "1,2";
			};
			name = Debug;
		};
		06ECB49327188F5300C83BFF /* Release */ = {
			isa = XCBuildConfiguration;
			buildSettings = {
				ASSETCATALOG_COMPILER_APPICON_NAME = AppIcon;
				ASSETCATALOG_COMPILER_GLOBAL_ACCENT_COLOR_NAME = AccentColor;
				CODE_SIGN_STYLE = Automatic;
				CURRENT_PROJECT_VERSION = 1;
				DEVELOPMENT_ASSET_PATHS = "\"NewsApp/Preview Content\"";
				DEVELOPMENT_TEAM = 5P7378L7B8;
				ENABLE_PREVIEWS = YES;
				GENERATE_INFOPLIST_FILE = YES;
				INFOPLIST_KEY_UIApplicationSceneManifest_Generation = YES;
				INFOPLIST_KEY_UIApplicationSupportsIndirectInputEvents = YES;
				INFOPLIST_KEY_UILaunchScreen_Generation = YES;
				INFOPLIST_KEY_UISupportedInterfaceOrientations_iPad = "UIInterfaceOrientationPortrait UIInterfaceOrientationPortraitUpsideDown UIInterfaceOrientationLandscapeLeft UIInterfaceOrientationLandscapeRight";
				INFOPLIST_KEY_UISupportedInterfaceOrientations_iPhone = "UIInterfaceOrientationPortrait UIInterfaceOrientationLandscapeLeft UIInterfaceOrientationLandscapeRight";
				IPHONEOS_DEPLOYMENT_TARGET = 15.0;
				LD_RUNPATH_SEARCH_PATHS = (
					"$(inherited)",
					"@executable_path/Frameworks",
				);
				MARKETING_VERSION = 1.0;
				PRODUCT_BUNDLE_IDENTIFIER = com.arisupriatna.NewsApp;
				PRODUCT_NAME = "$(TARGET_NAME)";
				SWIFT_EMIT_LOC_STRINGS = YES;
				SWIFT_VERSION = 5.0;
				TARGETED_DEVICE_FAMILY = "1,2";
			};
			name = Release;
		};
/* End XCBuildConfiguration section */

/* Begin XCConfigurationList section */
		06ECB47E27188F5000C83BFF /* Build configuration list for PBXProject "NewsApp" */ = {
			isa = XCConfigurationList;
			buildConfigurations = (
				06ECB48F27188F5300C83BFF /* Debug */,
				06ECB49027188F5300C83BFF /* Release */,
			);
			defaultConfigurationIsVisible = 0;
			defaultConfigurationName = Release;
		};
		06ECB49127188F5300C83BFF /* Build configuration list for PBXNativeTarget "NewsApp" */ = {
			isa = XCConfigurationList;
			buildConfigurations = (
				06ECB49227188F5300C83BFF /* Debug */,
				06ECB49327188F5300C83BFF /* Release */,
			);
			defaultConfigurationIsVisible = 0;
			defaultConfigurationName = Release;
		};
/* End XCConfigurationList section */

/* Begin XCRemoteSwiftPackageReference section */
		06ECB49427188FCE00C83BFF /* XCRemoteSwiftPackageReference "NewsKit" */ = {
			isa = XCRemoteSwiftPackageReference;
			repositoryURL = "https://github.com/arisupriatna14/NewsKit";
			requirement = {
				kind = upToNextMajorVersion;
				minimumVersion = 0.0.9;
			};
		};
/* End XCRemoteSwiftPackageReference section */

/* Begin XCSwiftPackageProductDependency section */
		06ECB49527188FCE00C83BFF /* NewsKit */ = {
			isa = XCSwiftPackageProductDependency;
			package = 06ECB49427188FCE00C83BFF /* XCRemoteSwiftPackageReference "NewsKit" */;
			productName = NewsKit;
		};
/* End XCSwiftPackageProductDependency section */
	};
	rootObject = 06ECB47B27188F5000C83BFF /* Project object */;
}
